
Microsoft Visual Studio Solution File, Format Version 12.00
# Visual Studio Version 17
VisualStudioVersion = 17.6.33801.468
MinimumVisualStudioVersion = 10.0.40219.1
Project("{9A19103F-16F7-4668-BE54-9A1E7A4F7556}") = "CP1Enterprise-EntityFramework-FIAP", "CP1Enterprise-EntityFramework-FIAP\CP1Enterprise-EntityFramework-FIAP.csproj", "{E63F1ED5-0989-416C-B392-3F07650FF63E}"
EndProject
Global
	GlobalSection(SolutionConfigurationPlatforms) = preSolution
		Debug|Any CPU = Debug|Any CPU
		Release|Any CPU = Release|Any CPU
	EndGlobalSection
	GlobalSection(ProjectConfigurationPlatforms) = postSolution
		{E63F1ED5-0989-416C-B392-3F07650FF63E}.Debug|Any CPU.ActiveCfg = Debug|Any CPU
		{E63F1ED5-0989-416C-B392-3F07650FF63E}.Debug|Any CPU.Build.0 = Debug|Any CPU
		{E63F1ED5-0989-416C-B392-3F07650FF63E}.Release|Any CPU.ActiveCfg = Release|Any CPU
		{E63F1ED5-0989-416C-B392-3F07650FF63E}.Release|Any CPU.Build.0 = Release|Any CPU
	EndGlobalSection
	GlobalSection(SolutionProperties) = preSolution
		HideSolutionNode = FALSE
	EndGlobalSection
	GlobalSection(ExtensibilityGlobals) = postSolution
		SolutionGuid = {45B6D189-8126-40CD-A760-514D46A1674F}
	EndGlobalSection
EndGlobal
